
Microsoft Visual Studio Solution File, Format Version 12.00
# Visual Studio 16
Project("{FAE04EC0-301F-11D3-BF4B-00C04F79EFBC}") = "Assembly-CSharp", "Assembly-CSharp.csproj", "{55955331-B09B-5350-B7C7-6565E7FCCE38}"
EndProject
Project("{FAE04EC0-301F-11D3-BF4B-00C04F79EFBC}") = "Assembly-CSharp-Editor", "Assembly-CSharp-Editor.csproj", "{20744430-D4C4-42AE-D1A2-9860B53DACDB}"
EndProject
Global
	GlobalSection(SolutionConfigurationPlatforms) = preSolution
		Debug|Any CPU = Debug|Any CPU
		Release|Any CPU = Release|Any CPU
	EndGlobalSection
	GlobalSection(ProjectConfigurationPlatforms) = postSolution
		{55955331-B09B-5350-B7C7-6565E7FCCE38}.Debug|Any CPU.ActiveCfg = Debug|Any CPU
		{55955331-B09B-5350-B7C7-6565E7FCCE38}.Debug|Any CPU.Build.0 = Debug|Any CPU
		{55955331-B09B-5350-B7C7-6565E7FCCE38}.Release|Any CPU.ActiveCfg = Release|Any CPU
		{55955331-B09B-5350-B7C7-6565E7FCCE38}.Release|Any CPU.Build.0 = Release|Any CPU
		{20744430-D4C4-42AE-D1A2-9860B53DACDB}.Debug|Any CPU.ActiveCfg = Debug|Any CPU
		{20744430-D4C4-42AE-D1A2-9860B53DACDB}.Debug|Any CPU.Build.0 = Debug|Any CPU
		{20744430-D4C4-42AE-D1A2-9860B53DACDB}.Release|Any CPU.ActiveCfg = Release|Any CPU
		{20744430-D4C4-42AE-D1A2-9860B53DACDB}.Release|Any CPU.Build.0 = Release|Any CPU
	EndGlobalSection
	GlobalSection(SolutionProperties) = preSolution
		HideSolutionNode = FALSE
	EndGlobalSection
EndGlobal
