
Microsoft Visual Studio Solution File, Format Version 12.00
# Visual Studio 16
Project("{FAE04EC0-301F-11D3-BF4B-00C04F79EFBC}") = "Assembly-CSharp", "Assembly-CSharp.csproj", "{360DD24B-3960-457C-2E8F-ACC53DC92408}"
EndProject
Project("{FAE04EC0-301F-11D3-BF4B-00C04F79EFBC}") = "Assembly-CSharp-Editor", "Assembly-CSharp-Editor.csproj", "{6CC0CA92-B7C9-43B3-11E5-98F8AB1F88AA}"
EndProject
Global
	GlobalSection(SolutionConfigurationPlatforms) = preSolution
		Debug|Any CPU = Debug|Any CPU
		Release|Any CPU = Release|Any CPU
	EndGlobalSection
	GlobalSection(ProjectConfigurationPlatforms) = postSolution
		{360DD24B-3960-457C-2E8F-ACC53DC92408}.Debug|Any CPU.ActiveCfg = Debug|Any CPU
		{360DD24B-3960-457C-2E8F-ACC53DC92408}.Debug|Any CPU.Build.0 = Debug|Any CPU
		{360DD24B-3960-457C-2E8F-ACC53DC92408}.Release|Any CPU.ActiveCfg = Release|Any CPU
		{360DD24B-3960-457C-2E8F-ACC53DC92408}.Release|Any CPU.Build.0 = Release|Any CPU
		{6CC0CA92-B7C9-43B3-11E5-98F8AB1F88AA}.Debug|Any CPU.ActiveCfg = Debug|Any CPU
		{6CC0CA92-B7C9-43B3-11E5-98F8AB1F88AA}.Debug|Any CPU.Build.0 = Debug|Any CPU
		{6CC0CA92-B7C9-43B3-11E5-98F8AB1F88AA}.Release|Any CPU.ActiveCfg = Release|Any CPU
		{6CC0CA92-B7C9-43B3-11E5-98F8AB1F88AA}.Release|Any CPU.Build.0 = Release|Any CPU
	EndGlobalSection
	GlobalSection(SolutionProperties) = preSolution
		HideSolutionNode = FALSE
	EndGlobalSection
EndGlobal
